{
   "name": "torx",
   "version": "1.0.2",
   "lockfileVersion": 3,
   "requires": true,
   "packages": {
      "": {
         "name": "torx",
         "version": "1.0.2",
         "devDependencies": {
            "@types/node": "^16.7.10",
            "@types/vscode": "^1.14.0"
         },
         "engines": {
            "vscode": "^1.14.0"
         }
      },
      "node_modules/@types/node": {
         "version": "16.18.108",
         "resolved": "https://registry.npmjs.org/@types/node/-/node-16.18.108.tgz",
         "integrity": "sha512-fj42LD82fSv6yN9C6Q4dzS+hujHj+pTv0IpRR3kI20fnYeS0ytBpjFO9OjmDowSPPt4lNKN46JLaKbCyP+BW2A==",
         "dev": true
      },
      "node_modules/@types/vscode": {
         "version": "1.93.0",
         "resolved": "https://registry.npmjs.org/@types/vscode/-/vscode-1.93.0.tgz",
         "integrity": "sha512-kUK6jAHSR5zY8ps42xuW89NLcBpw1kOabah7yv38J8MyiYuOHxLQBi0e7zeXbQgVefDy/mZZetqEFC+Fl5eIEQ==",
         "dev": true
      }
   }
}
